// !$*UTF8*$!
{
	archiveVersion = 1;
	classes = {
	};
	objectVersion = 50;
	objects = {

/* Begin PBXBuildFile section */
		03845A3625EA243200965299 /* UserProfileFeedTestApp.swift in Sources */ = {isa = PBXBuildFile; fileRef = 03845A3525EA243200965299 /* UserProfileFeedTestApp.swift */; };
		03845A3825EA243200965299 /* ContentView.swift in Sources */ = {isa = PBXBuildFile; fileRef = 03845A3725EA243200965299 /* ContentView.swift */; };
		03845A3A25EA243500965299 /* Assets.xcassets in Resources */ = {isa = PBXBuildFile; fileRef = 03845A3925EA243500965299 /* Assets.xcassets */; };
		03845A3D25EA243500965299 /* Preview Assets.xcassets in Resources */ = {isa = PBXBuildFile; fileRef = 03845A3C25EA243500965299 /* Preview Assets.xcassets */; };
		03845A4825EA243500965299 /* UserProfileFeedTestTests.swift in Sources */ = {isa = PBXBuildFile; fileRef = 03845A4725EA243500965299 /* UserProfileFeedTestTests.swift */; };
		03845A5325EA243600965299 /* UserProfileFeedTestUITests.swift in Sources */ = {isa = PBXBuildFile; fileRef = 03845A5225EA243600965299 /* UserProfileFeedTestUITests.swift */; };
/* End PBXBuildFile section */

/* Begin PBXContainerItemProxy section */
		03845A4425EA243500965299 /* PBXContainerItemProxy */ = {
			isa = PBXContainerItemProxy;
			containerPortal = 03845A2A25EA243200965299 /* Project object */;
			proxyType = 1;
			remoteGlobalIDString = 03845A3125EA243200965299;
			remoteInfo = UserProfileFeedTest;
		};
		03845A4F25EA243500965299 /* PBXContainerItemProxy */ = {
			isa = PBXContainerItemProxy;
			containerPortal = 03845A2A25EA243200965299 /* Project object */;
			proxyType = 1;
			remoteGlobalIDString = 03845A3125EA243200965299;
			remoteInfo = UserProfileFeedTest;
		};
/* End PBXContainerItemProxy section */

/* Begin PBXFileReference section */
		03845A3225EA243200965299 /* UserProfileFeedTest.app */ = {isa = PBXFileReference; explicitFileType = wrapper.application; includeInIndex = 0; path = UserProfileFeedTest.app; sourceTree = BUILT_PRODUCTS_DIR; };
		03845A3525EA243200965299 /* UserProfileFeedTestApp.swift */ = {isa = PBXFileReference; lastKnownFileType = sourcecode.swift; path = UserProfileFeedTestApp.swift; sourceTree = "<group>"; };
		03845A3725EA243200965299 /* ContentView.swift */ = {isa = PBXFileReference; lastKnownFileType = sourcecode.swift; path = ContentView.swift; sourceTree = "<group>"; };
		03845A3925EA243500965299 /* Assets.xcassets */ = {isa = PBXFileReference; lastKnownFileType = folder.assetcatalog; path = Assets.xcassets; sourceTree = "<group>"; };
		03845A3C25EA243500965299 /* Preview Assets.xcassets */ = {isa = PBXFileReference; lastKnownFileType = folder.assetcatalog; path = "Preview Assets.xcassets"; sourceTree = "<group>"; };
		03845A3E25EA243500965299 /* Info.plist */ = {isa = PBXFileReference; lastKnownFileType = text.plist.xml; path = Info.plist; sourceTree = "<group>"; };
		03845A4325EA243500965299 /* UserProfileFeedTestTests.xctest */ = {isa = PBXFileReference; explicitFileType = wrapper.cfbundle; includeInIndex = 0; path = UserProfileFeedTestTests.xctest; sourceTree = BUILT_PRODUCTS_DIR; };
		03845A4725EA243500965299 /* UserProfileFeedTestTests.swift */ = {isa = PBXFileReference; lastKnownFileType = sourcecode.swift; path = UserProfileFeedTestTests.swift; sourceTree = "<group>"; };
		03845A4925EA243500965299 /* Info.plist */ = {isa = PBXFileReference; lastKnownFileType = text.plist.xml; path = Info.plist; sourceTree = "<group>"; };
		03845A4E25EA243500965299 /* UserProfileFeedTestUITests.xctest */ = {isa = PBXFileReference; explicitFileType = wrapper.cfbundle; includeInIndex = 0; path = UserProfileFeedTestUITests.xctest; sourceTree = BUILT_PRODUCTS_DIR; };
		03845A5225EA243600965299 /* UserProfileFeedTestUITests.swift */ = {isa = PBXFileReference; lastKnownFileType = sourcecode.swift; path = UserProfileFeedTestUITests.swift; sourceTree = "<group>"; };
		03845A5425EA243600965299 /* Info.plist */ = {isa = PBXFileReference; lastKnownFileType = text.plist.xml; path = Info.plist; sourceTree = "<group>"; };
/* End PBXFileReference section */

/* Begin PBXFrameworksBuildPhase section */
		03845A2F25EA243200965299 /* Frameworks */ = {
			isa = PBXFrameworksBuildPhase;
			buildActionMask = 2147483647;
			files = (
			);
			runOnlyForDeploymentPostprocessing = 0;
		};
		03845A4025EA243500965299 /* Frameworks */ = {
			isa = PBXFrameworksBuildPhase;
			buildActionMask = 2147483647;
			files = (
			);
			runOnlyForDeploymentPostprocessing = 0;
		};
		03845A4B25EA243500965299 /* Frameworks */ = {
			isa = PBXFrameworksBuildPhase;
			buildActionMask = 2147483647;
			files = (
			);
			runOnlyForDeploymentPostprocessing = 0;
		};
/* End PBXFrameworksBuildPhase section */

/* Begin PBXGroup section */
		03845A2925EA243200965299 = {
			isa = PBXGroup;
			children = (
				03845A3425EA243200965299 /* UserProfileFeedTest */,
				03845A4625EA243500965299 /* UserProfileFeedTestTests */,
				03845A5125EA243500965299 /* UserProfileFeedTestUITests */,
				03845A3325EA243200965299 /* Products */,
			);
			sourceTree = "<group>";
		};
		03845A3325EA243200965299 /* Products */ = {
			isa = PBXGroup;
			children = (
				03845A3225EA243200965299 /* UserProfileFeedTest.app */,
				03845A4325EA243500965299 /* UserProfileFeedTestTests.xctest */,
				03845A4E25EA243500965299 /* UserProfileFeedTestUITests.xctest */,
			);
			name = Products;
			sourceTree = "<group>";
		};
		03845A3425EA243200965299 /* UserProfileFeedTest */ = {
			isa = PBXGroup;
			children = (
				03845A3525EA243200965299 /* UserProfileFeedTestApp.swift */,
				03845A3725EA243200965299 /* ContentView.swift */,
				03845A3925EA243500965299 /* Assets.xcassets */,
				03845A3E25EA243500965299 /* Info.plist */,
				03845A3B25EA243500965299 /* Preview Content */,
			);
			path = UserProfileFeedTest;
			sourceTree = "<group>";
		};
		03845A3B25EA243500965299 /* Preview Content */ = {
			isa = PBXGroup;
			children = (
				03845A3C25EA243500965299 /* Preview Assets.xcassets */,
			);
			path = "Preview Content";
			sourceTree = "<group>";
		};
		03845A4625EA243500965299 /* UserProfileFeedTestTests */ = {
			isa = PBXGroup;
			children = (
				03845A4725EA243500965299 /* UserProfileFeedTestTests.swift */,
				03845A4925EA243500965299 /* Info.plist */,
			);
			path = UserProfileFeedTestTests;
			sourceTree = "<group>";
		};
		03845A5125EA243500965299 /* UserProfileFeedTestUITests */ = {
			isa = PBXGroup;
			children = (
				03845A5225EA243600965299 /* UserProfileFeedTestUITests.swift */,
				03845A5425EA243600965299 /* Info.plist */,
			);
			path = UserProfileFeedTestUITests;
			sourceTree = "<group>";
		};
/* End PBXGroup section */

/* Begin PBXNativeTarget section */
		03845A3125EA243200965299 /* UserProfileFeedTest */ = {
			isa = PBXNativeTarget;
			buildConfigurationList = 03845A5725EA243600965299 /* Build configuration list for PBXNativeTarget "UserProfileFeedTest" */;
			buildPhases = (
				03845A2E25EA243200965299 /* Sources */,
				03845A2F25EA243200965299 /* Frameworks */,
				03845A3025EA243200965299 /* Resources */,
			);
			buildRules = (
			);
			dependencies = (
			);
			name = UserProfileFeedTest;
			productName = UserProfileFeedTest;
			productReference = 03845A3225EA243200965299 /* UserProfileFeedTest.app */;
			productType = "com.apple.product-type.application";
		};
		03845A4225EA243500965299 /* UserProfileFeedTestTests */ = {
			isa = PBXNativeTarget;
			buildConfigurationList = 03845A5A25EA243600965299 /* Build configuration list for PBXNativeTarget "UserProfileFeedTestTests" */;
			buildPhases = (
				03845A3F25EA243500965299 /* Sources */,
				03845A4025EA243500965299 /* Frameworks */,
				03845A4125EA243500965299 /* Resources */,
			);
			buildRules = (
			);
			dependencies = (
				03845A4525EA243500965299 /* PBXTargetDependency */,
			);
			name = UserProfileFeedTestTests;
			productName = UserProfileFeedTestTests;
			productReference = 03845A4325EA243500965299 /* UserProfileFeedTestTests.xctest */;
			productType = "com.apple.product-type.bundle.unit-test";
		};
		03845A4D25EA243500965299 /* UserProfileFeedTestUITests */ = {
			isa = PBXNativeTarget;
			buildConfigurationList = 03845A5D25EA243600965299 /* Build configuration list for PBXNativeTarget "UserProfileFeedTestUITests" */;
			buildPhases = (
				03845A4A25EA243500965299 /* Sources */,
				03845A4B25EA243500965299 /* Frameworks */,
				03845A4C25EA243500965299 /* Resources */,
			);
			buildRules = (
			);
			dependencies = (
				03845A5025EA243500965299 /* PBXTargetDependency */,
			);
			name = UserProfileFeedTestUITests;
			productName = UserProfileFeedTestUITests;
			productReference = 03845A4E25EA243500965299 /* UserProfileFeedTestUITests.xctest */;
			productType = "com.apple.product-type.bundle.ui-testing";
		};
/* End PBXNativeTarget section */

/* Begin PBXProject section */
		03845A2A25EA243200965299 /* Project object */ = {
			isa = PBXProject;
			attributes = {
				LastSwiftUpdateCheck = 1230;
				LastUpgradeCheck = 1230;
				TargetAttributes = {
					03845A3125EA243200965299 = {
						CreatedOnToolsVersion = 12.3;
					};
					03845A4225EA243500965299 = {
						CreatedOnToolsVersion = 12.3;
						TestTargetID = 03845A3125EA243200965299;
					};
					03845A4D25EA243500965299 = {
						CreatedOnToolsVersion = 12.3;
						TestTargetID = 03845A3125EA243200965299;
					};
				};
			};
			buildConfigurationList = 03845A2D25EA243200965299 /* Build configuration list for PBXProject "UserProfileFeedTest" */;
			compatibilityVersion = "Xcode 9.3";
			developmentRegion = en;
			hasScannedForEncodings = 0;
			knownRegions = (
				en,
				Base,
			);
			mainGroup = 03845A2925EA243200965299;
			productRefGroup = 03845A3325EA243200965299 /* Products */;
			projectDirPath = "";
			projectRoot = "";
			targets = (
				03845A3125EA243200965299 /* UserProfileFeedTest */,
				03845A4225EA243500965299 /* UserProfileFeedTestTests */,
				03845A4D25EA243500965299 /* UserProfileFeedTestUITests */,
			);
		};
/* End PBXProject section */

/* Begin PBXResourcesBuildPhase section */
		03845A3025EA243200965299 /* Resources */ = {
			isa = PBXResourcesBuildPhase;
			buildActionMask = 2147483647;
			files = (
				03845A3D25EA243500965299 /* Preview Assets.xcassets in Resources */,
				03845A3A25EA243500965299 /* Assets.xcassets in Resources */,
			);
			runOnlyForDeploymentPostprocessing = 0;
		};
		03845A4125EA243500965299 /* Resources */ = {
			isa = PBXResourcesBuildPhase;
			buildActionMask = 2147483647;
			files = (
			);
			runOnlyForDeploymentPostprocessing = 0;
		};
		03845A4C25EA243500965299 /* Resources */ = {
			isa = PBXResourcesBuildPhase;
			buildActionMask = 2147483647;
			files = (
			);
			runOnlyForDeploymentPostprocessing = 0;
		};
/* End PBXResourcesBuildPhase section */

/* Begin PBXSourcesBuildPhase section */
		03845A2E25EA243200965299 /* Sources */ = {
			isa = PBXSourcesBuildPhase;
			buildActionMask = 2147483647;
			files = (
				03845A3825EA243200965299 /* ContentView.swift in Sources */,
				03845A3625EA243200965299 /* UserProfileFeedTestApp.swift in Sources */,
			);
			runOnlyForDeploymentPostprocessing = 0;
		};
		03845A3F25EA243500965299 /* Sources */ = {
			isa = PBXSourcesBuildPhase;
			buildActionMask = 2147483647;
			files = (
				03845A4825EA243500965299 /* UserProfileFeedTestTests.swift in Sources */,
			);
			runOnlyForDeploymentPostprocessing = 0;
		};
		03845A4A25EA243500965299 /* Sources */ = {
			isa = PBXSourcesBuildPhase;
			buildActionMask = 2147483647;
			files = (
				03845A5325EA243600965299 /* UserProfileFeedTestUITests.swift in Sources */,
			);
			runOnlyForDeploymentPostprocessing = 0;
		};
/* End PBXSourcesBuildPhase section */

/* Begin PBXTargetDependency section */
		03845A4525EA243500965299 /* PBXTargetDependency */ = {
			isa = PBXTargetDependency;
			target = 03845A3125EA243200965299 /* UserProfileFeedTest */;
			targetProxy = 03845A4425EA243500965299 /* PBXContainerItemProxy */;
		};
		03845A5025EA243500965299 /* PBXTargetDependency */ = {
			isa = PBXTargetDependency;
			target = 03845A3125EA243200965299 /* UserProfileFeedTest */;
			targetProxy = 03845A4F25EA243500965299 /* PBXContainerItemProxy */;
		};
/* End PBXTargetDependency section */

/* Begin XCBuildConfiguration section */
		03845A5525EA243600965299 /* Debug */ = {
			isa = XCBuildConfiguration;
			buildSettings = {
				ALWAYS_SEARCH_USER_PATHS = NO;
				CLANG_ANALYZER_NONNULL = YES;
				CLANG_ANALYZER_NUMBER_OBJECT_CONVERSION = YES_AGGRESSIVE;
				CLANG_CXX_LANGUAGE_STANDARD = "gnu++14";
				CLANG_CXX_LIBRARY = "libc++";
				CLANG_ENABLE_MODULES = YES;
				CLANG_ENABLE_OBJC_ARC = YES;
				CLANG_ENABLE_OBJC_WEAK = YES;
				CLANG_WARN_BLOCK_CAPTURE_AUTORELEASING = YES;
				CLANG_WARN_BOOL_CONVERSION = YES;
				CLANG_WARN_COMMA = YES;
				CLANG_WARN_CONSTANT_CONVERSION = YES;
				CLANG_WARN_DEPRECATED_OBJC_IMPLEMENTATIONS = YES;
				CLANG_WARN_DIRECT_OBJC_ISA_USAGE = YES_ERROR;
				CLANG_WARN_DOCUMENTATION_COMMENTS = YES;
				CLANG_WARN_EMPTY_BODY = YES;
				CLANG_WARN_ENUM_CONVERSION = YES;
				CLANG_WARN_INFINITE_RECURSION = YES;
				CLANG_WARN_INT_CONVERSION = YES;
				CLANG_WARN_NON_LITERAL_NULL_CONVERSION = YES;
				CLANG_WARN_OBJC_IMPLICIT_RETAIN_SELF = YES;
				CLANG_WARN_OBJC_LITERAL_CONVERSION = YES;
				CLANG_WARN_OBJC_ROOT_CLASS = YES_ERROR;
				CLANG_WARN_QUOTED_INCLUDE_IN_FRAMEWORK_HEADER = YES;
				CLANG_WARN_RANGE_LOOP_ANALYSIS = YES;
				CLANG_WARN_STRICT_PROTOTYPES = YES;
				CLANG_WARN_SUSPICIOUS_MOVE = YES;
				CLANG_WARN_UNGUARDED_AVAILABILITY = YES_AGGRESSIVE;
				CLANG_WARN_UNREACHABLE_CODE = YES;
				CLANG_WARN__DUPLICATE_METHOD_MATCH = YES;
				COPY_PHASE_STRIP = NO;
				DEBUG_INFORMATION_FORMAT = dwarf;
				ENABLE_STRICT_OBJC_MSGSEND = YES;
				ENABLE_TESTABILITY = YES;
				GCC_C_LANGUAGE_STANDARD = gnu11;
				GCC_DYNAMIC_NO_PIC = NO;
				GCC_NO_COMMON_BLOCKS = YES;
				GCC_OPTIMIZATION_LEVEL = 0;
				GCC_PREPROCESSOR_DEFINITIONS = (
					"DEBUG=1",
					"$(inherited)",
				);
				GCC_WARN_64_TO_32_BIT_CONVERSION = YES;
				GCC_WARN_ABOUT_RETURN_TYPE = YES_ERROR;
				GCC_WARN_UNDECLARED_SELECTOR = YES;
				GCC_WARN_UNINITIALIZED_AUTOS = YES_AGGRESSIVE;
				GCC_WARN_UNUSED_FUNCTION = YES;
				GCC_WARN_UNUSED_VARIABLE = YES;
				IPHONEOS_DEPLOYMENT_TARGET = 14.3;
				MTL_ENABLE_DEBUG_INFO = INCLUDE_SOURCE;
				MTL_FAST_MATH = YES;
				ONLY_ACTIVE_ARCH = YES;
				SDKROOT = iphoneos;
				SWIFT_ACTIVE_COMPILATION_CONDITIONS = DEBUG;
				SWIFT_OPTIMIZATION_LEVEL = "-Onone";
			};
			name = Debug;
		};
		03845A5625EA243600965299 /* Release */ = {
			isa = XCBuildConfiguration;
			buildSettings = {
				ALWAYS_SEARCH_USER_PATHS = NO;
				CLANG_ANALYZER_NONNULL = YES;
				CLANG_ANALYZER_NUMBER_OBJECT_CONVERSION = YES_AGGRESSIVE;
				CLANG_CXX_LANGUAGE_STANDARD = "gnu++14";
				CLANG_CXX_LIBRARY = "libc++";
				CLANG_ENABLE_MODULES = YES;
				CLANG_ENABLE_OBJC_ARC = YES;
				CLANG_ENABLE_OBJC_WEAK = YES;
				CLANG_WARN_BLOCK_CAPTURE_AUTORELEASING = YES;
				CLANG_WARN_BOOL_CONVERSION = YES;
				CLANG_WARN_COMMA = YES;
				CLANG_WARN_CONSTANT_CONVERSION = YES;
				CLANG_WARN_DEPRECATED_OBJC_IMPLEMENTATIONS = YES;
				CLANG_WARN_DIRECT_OBJC_ISA_USAGE = YES_ERROR;
				CLANG_WARN_DOCUMENTATION_COMMENTS = YES;
				CLANG_WARN_EMPTY_BODY = YES;
				CLANG_WARN_ENUM_CONVERSION = YES;
				CLANG_WARN_INFINITE_RECURSION = YES;
				CLANG_WARN_INT_CONVERSION = YES;
				CLANG_WARN_NON_LITERAL_NULL_CONVERSION = YES;
				CLANG_WARN_OBJC_IMPLICIT_RETAIN_SELF = YES;
				CLANG_WARN_OBJC_LITERAL_CONVERSION = YES;
				CLANG_WARN_OBJC_ROOT_CLASS = YES_ERROR;
				CLANG_WARN_QUOTED_INCLUDE_IN_FRAMEWORK_HEADER = YES;
				CLANG_WARN_RANGE_LOOP_ANALYSIS = YES;
				CLANG_WARN_STRICT_PROTOTYPES = YES;
				CLANG_WARN_SUSPICIOUS_MOVE = YES;
				CLANG_WARN_UNGUARDED_AVAILABILITY = YES_AGGRESSIVE;
				CLANG_WARN_UNREACHABLE_CODE = YES;
				CLANG_WARN__DUPLICATE_METHOD_MATCH = YES;
				COPY_PHASE_STRIP = NO;
				DEBUG_INFORMATION_FORMAT = "dwarf-with-dsym";
				ENABLE_NS_ASSERTIONS = NO;
				ENABLE_STRICT_OBJC_MSGSEND = YES;
				GCC_C_LANGUAGE_STANDARD = gnu11;
				GCC_NO_COMMON_BLOCKS = YES;
				GCC_WARN_64_TO_32_BIT_CONVERSION = YES;
				GCC_WARN_ABOUT_RETURN_TYPE = YES_ERROR;
				GCC_WARN_UNDECLARED_SELECTOR = YES;
				GCC_WARN_UNINITIALIZED_AUTOS = YES_AGGRESSIVE;
				GCC_WARN_UNUSED_FUNCTION = YES;
				GCC_WARN_UNUSED_VARIABLE = YES;
				IPHONEOS_DEPLOYMENT_TARGET = 14.3;
				MTL_ENABLE_DEBUG_INFO = NO;
				MTL_FAST_MATH = YES;
				SDKROOT = iphoneos;
				SWIFT_COMPILATION_MODE = wholemodule;
				SWIFT_OPTIMIZATION_LEVEL = "-O";
				VALIDATE_PRODUCT = YES;
			};
			name = Release;
		};
		03845A5825EA243600965299 /* Debug */ = {
			isa = XCBuildConfiguration;
			buildSettings = {
				ASSETCATALOG_COMPILER_APPICON_NAME = AppIcon;
				ASSETCATALOG_COMPILER_GLOBAL_ACCENT_COLOR_NAME = AccentColor;
				CODE_SIGN_STYLE = Automatic;
				DEVELOPMENT_ASSET_PATHS = "\"UserProfileFeedTest/Preview Content\"";
				DEVELOPMENT_TEAM = 49BPN76FA4;
				ENABLE_PREVIEWS = YES;
				INFOPLIST_FILE = UserProfileFeedTest/Info.plist;
				IPHONEOS_DEPLOYMENT_TARGET = 14.0;
				LD_RUNPATH_SEARCH_PATHS = (
					"$(inherited)",
					"@executable_path/Frameworks",
				);
				PRODUCT_BUNDLE_IDENTIFIER = test.UserProfileFeedTest;
				PRODUCT_NAME = "$(TARGET_NAME)";
				SWIFT_VERSION = 5.0;
				TARGETED_DEVICE_FAMILY = "1,2";
			};
			name = Debug;
		};
		03845A5925EA243600965299 /* Release */ = {
			isa = XCBuildConfiguration;
			buildSettings = {
				ASSETCATALOG_COMPILER_APPICON_NAME = AppIcon;
				ASSETCATALOG_COMPILER_GLOBAL_ACCENT_COLOR_NAME = AccentColor;
				CODE_SIGN_STYLE = Automatic;
				DEVELOPMENT_ASSET_PATHS = "\"UserProfileFeedTest/Preview Content\"";
				DEVELOPMENT_TEAM = 49BPN76FA4;
				ENABLE_PREVIEWS = YES;
				INFOPLIST_FILE = UserProfileFeedTest/Info.plist;
				IPHONEOS_DEPLOYMENT_TARGET = 14.0;
				LD_RUNPATH_SEARCH_PATHS = (
					"$(inherited)",
					"@executable_path/Frameworks",
				);
				PRODUCT_BUNDLE_IDENTIFIER = test.UserProfileFeedTest;
				PRODUCT_NAME = "$(TARGET_NAME)";
				SWIFT_VERSION = 5.0;
				TARGETED_DEVICE_FAMILY = "1,2";
			};
			name = Release;
		};
		03845A5B25EA243600965299 /* Debug */ = {
			isa = XCBuildConfiguration;
			buildSettings = {
				ALWAYS_EMBED_SWIFT_STANDARD_LIBRARIES = YES;
				BUNDLE_LOADER = "$(TEST_HOST)";
				CODE_SIGN_STYLE = Automatic;
				DEVELOPMENT_TEAM = 49BPN76FA4;
				INFOPLIST_FILE = UserProfileFeedTestTests/Info.plist;
				IPHONEOS_DEPLOYMENT_TARGET = 14.0;
				LD_RUNPATH_SEARCH_PATHS = (
					"$(inherited)",
					"@executable_path/Frameworks",
					"@loader_path/Frameworks",
				);
				PRODUCT_BUNDLE_IDENTIFIER = test.UserProfileFeedTestTests;
				PRODUCT_NAME = "$(TARGET_NAME)";
				SWIFT_VERSION = 5.0;
				TARGETED_DEVICE_FAMILY = "1,2";
				TEST_HOST = "$(BUILT_PRODUCTS_DIR)/UserProfileFeedTest.app/UserProfileFeedTest";
			};
			name = Debug;
		};
		03845A5C25EA243600965299 /* Release */ = {
			isa = XCBuildConfiguration;
			buildSettings = {
				ALWAYS_EMBED_SWIFT_STANDARD_LIBRARIES = YES;
				BUNDLE_LOADER = "$(TEST_HOST)";
				CODE_SIGN_STYLE = Automatic;
				DEVELOPMENT_TEAM = 49BPN76FA4;
				INFOPLIST_FILE = UserProfileFeedTestTests/Info.plist;
				IPHONEOS_DEPLOYMENT_TARGET = 14.0;
				LD_RUNPATH_SEARCH_PATHS = (
					"$(inherited)",
					"@executable_path/Frameworks",
					"@loader_path/Frameworks",
				);
				PRODUCT_BUNDLE_IDENTIFIER = test.UserProfileFeedTestTests;
				PRODUCT_NAME = "$(TARGET_NAME)";
				SWIFT_VERSION = 5.0;
				TARGETED_DEVICE_FAMILY = "1,2";
				TEST_HOST = "$(BUILT_PRODUCTS_DIR)/UserProfileFeedTest.app/UserProfileFeedTest";
			};
			name = Release;
		};
		03845A5E25EA243600965299 /* Debug */ = {
			isa = XCBuildConfiguration;
			buildSettings = {
				ALWAYS_EMBED_SWIFT_STANDARD_LIBRARIES = YES;
				CODE_SIGN_STYLE = Automatic;
				DEVELOPMENT_TEAM = 49BPN76FA4;
				INFOPLIST_FILE = UserProfileFeedTestUITests/Info.plist;
				LD_RUNPATH_SEARCH_PATHS = (
					"$(inherited)",
					"@executable_path/Frameworks",
					"@loader_path/Frameworks",
				);
				PRODUCT_BUNDLE_IDENTIFIER = test.UserProfileFeedTestUITests;
				PRODUCT_NAME = "$(TARGET_NAME)";
				SWIFT_VERSION = 5.0;
				TARGETED_DEVICE_FAMILY = "1,2";
				TEST_TARGET_NAME = UserProfileFeedTest;
			};
			name = Debug;
		};
		03845A5F25EA243600965299 /* Release */ = {
			isa = XCBuildConfiguration;
			buildSettings = {
				ALWAYS_EMBED_SWIFT_STANDARD_LIBRARIES = YES;
				CODE_SIGN_STYLE = Automatic;
				DEVELOPMENT_TEAM = 49BPN76FA4;
				INFOPLIST_FILE = UserProfileFeedTestUITests/Info.plist;
				LD_RUNPATH_SEARCH_PATHS = (
					"$(inherited)",
					"@executable_path/Frameworks",
					"@loader_path/Frameworks",
				);
				PRODUCT_BUNDLE_IDENTIFIER = test.UserProfileFeedTestUITests;
				PRODUCT_NAME = "$(TARGET_NAME)";
				SWIFT_VERSION = 5.0;
				TARGETED_DEVICE_FAMILY = "1,2";
				TEST_TARGET_NAME = UserProfileFeedTest;
			};
			name = Release;
		};
/* End XCBuildConfiguration section */

/* Begin XCConfigurationList section */
		03845A2D25EA243200965299 /* Build configuration list for PBXProject "UserProfileFeedTest" */ = {
			isa = XCConfigurationList;
			buildConfigurations = (
				03845A5525EA243600965299 /* Debug */,
				03845A5625EA243600965299 /* Release */,
			);
			defaultConfigurationIsVisible = 0;
			defaultConfigurationName = Release;
		};
		03845A5725EA243600965299 /* Build configuration list for PBXNativeTarget "UserProfileFeedTest" */ = {
			isa = XCConfigurationList;
			buildConfigurations = (
				03845A5825EA243600965299 /* Debug */,
				03845A5925EA243600965299 /* Release */,
			);
			defaultConfigurationIsVisible = 0;
			defaultConfigurationName = Release;
		};
		03845A5A25EA243600965299 /* Build configuration list for PBXNativeTarget "UserProfileFeedTestTests" */ = {
			isa = XCConfigurationList;
			buildConfigurations = (
				03845A5B25EA243600965299 /* Debug */,
				03845A5C25EA243600965299 /* Release */,
			);
			defaultConfigurationIsVisible = 0;
			defaultConfigurationName = Release;
		};
		03845A5D25EA243600965299 /* Build configuration list for PBXNativeTarget "UserProfileFeedTestUITests" */ = {
			isa = XCConfigurationList;
			buildConfigurations = (
				03845A5E25EA243600965299 /* Debug */,
				03845A5F25EA243600965299 /* Release */,
			);
			defaultConfigurationIsVisible = 0;
			defaultConfigurationName = Release;
		};
/* End XCConfigurationList section */
	};
	rootObject = 03845A2A25EA243200965299 /* Project object */;
}
